// !$*UTF8*$!
{
	archiveVersion = 1;
	classes = {
	};
	objectVersion = 46;
	objects = {

/* Begin PBXBuildFile section */
		08A9F03314470728960D8E4E /* ofxTouchGUITextInput.mm in Sources */ = {isa = PBXBuildFile; fileRef = 505701AEABD4F0A9D183B78C /* ofxTouchGUITextInput.mm */; };
		20D6872263BE31F2DC5E027D /* ofxTouchGUI.mm in Sources */ = {isa = PBXBuildFile; fileRef = C1F20FFA7557014B34E9A38F /* ofxTouchGUI.mm */; };
		222F88ADD4FB348D97DEA784 /* ofxOscSender.cpp in Sources */ = {isa = PBXBuildFile; fileRef = 627951B9EF970B3B03F58534 /* ofxOscSender.cpp */; };
		229A79797CEB3BBC676FBDA0 /* ofxTouchGUIText.mm in Sources */ = {isa = PBXBuildFile; fileRef = 85FB5928B8445DF15FE28FF3 /* ofxTouchGUIText.mm */; };
		381F14446822A25A0704EC70 /* ofxTouchGUISlider.mm in Sources */ = {isa = PBXBuildFile; fileRef = 17D0D12A0E3611A50D2E9492 /* ofxTouchGUISlider.mm */; };
		3ABC520C130705961512EAE2 /* ofxOscParameterSync.cpp in Sources */ = {isa = PBXBuildFile; fileRef = 71B42C5895F5CE2F98F323B5 /* ofxOscParameterSync.cpp */; };
		40638733364DE766C19BDA5F /* OscTypes.cpp in Sources */ = {isa = PBXBuildFile; fileRef = 82D77993C7A6C52FF0B9EEE5 /* OscTypes.cpp */; };
		42FB568D812D7EF15D9FB441 /* ofxTouchGUIToggleButton.mm in Sources */ = {isa = PBXBuildFile; fileRef = 1D89CB9225876E177183F64B /* ofxTouchGUIToggleButton.mm */; };
		52F5C60495A17F8FB2763D27 /* OscOutboundPacketStream.cpp in Sources */ = {isa = PBXBuildFile; fileRef = 5B5040A9C34EFA23C0ACE43A /* OscOutboundPacketStream.cpp */; };
		644026C6F2C18E10E0B2FA49 /* OscPrintReceivedElements.cpp in Sources */ = {isa = PBXBuildFile; fileRef = A670F190FBCE9D8995B2678E /* OscPrintReceivedElements.cpp */; };
		64BD23BC6BFC95723F56626C /* ofxOscReceiver.cpp in Sources */ = {isa = PBXBuildFile; fileRef = 6C027600A04F2F6F5443E5C0 /* ofxOscReceiver.cpp */; };
		69905CC9F6AD3A0472A464B8 /* IpEndpointName.cpp in Sources */ = {isa = PBXBuildFile; fileRef = 0889A3DC3BB96F52F0AF75E4 /* IpEndpointName.cpp */; };
		7016CB544F3FB165E4EFB0EC /* ofxTouchGUIBase.mm in Sources */ = {isa = PBXBuildFile; fileRef = A1D0CD558CDE4A44A3E9D791 /* ofxTouchGUIBase.mm */; };
		708513A49EDF6F8F7429D2B1 /* ofxOscBundle.cpp in Sources */ = {isa = PBXBuildFile; fileRef = D0834430B4B3CE79854F97E9 /* ofxOscBundle.cpp */; };
		920DB777DF9775D7DCA14EA8 /* UdpSocket.cpp in Sources */ = {isa = PBXBuildFile; fileRef = 5674CA8BC3EF63F7B428B954 /* UdpSocket.cpp */; };
		9C39A910EAC6A6B122C02B3A /* Canvas.cpp in Sources */ = {isa = PBXBuildFile; fileRef = C258E6D9B89C38EF3AE7D934 /* Canvas.cpp */; };
		A91760D0718F3E107E57D1A2 /* PingPong.cpp in Sources */ = {isa = PBXBuildFile; fileRef = BFCCF030DFD6162FF9BC074A /* PingPong.cpp */; };
		AEA308E3B6CAE31D40DDBA01 /* ofxTouchGUIButton.mm in Sources */ = {isa = PBXBuildFile; fileRef = EC8D8A50C7B12EAAB5E2E368 /* ofxTouchGUIButton.mm */; };
		B700B2E1396594475E413F57 /* ofxOscMessage.cpp in Sources */ = {isa = PBXBuildFile; fileRef = 21A2D070092F03FCBB363087 /* ofxOscMessage.cpp */; };
		C4721FEB43EF60E84FD39EA8 /* NetworkingUtils.cpp in Sources */ = {isa = PBXBuildFile; fileRef = CAFD628AFB575A4F74A053D8 /* NetworkingUtils.cpp */; };
		C962625AA8D6C3DB4D9C94DB /* ofxTouchGUIDropDown.mm in Sources */ = {isa = PBXBuildFile; fileRef = 052ABEAE059114338504EB62 /* ofxTouchGUIDropDown.mm */; };
		CD0808D90DAF82864BADD374 /* ofxTouchGUIDataGraph.mm in Sources */ = {isa = PBXBuildFile; fileRef = ABC3B60F9C378D9AF441A07F /* ofxTouchGUIDataGraph.mm */; };
		D008776857B499ECBF252A97 /* OscReceivedElements.cpp in Sources */ = {isa = PBXBuildFile; fileRef = B00994F95F9A93D08E6C26F3 /* OscReceivedElements.cpp */; };
		E4328149138ABC9F0047C5CB /* openFrameworksDebug.a in Frameworks */ = {isa = PBXBuildFile; fileRef = E4328148138ABC890047C5CB /* openFrameworksDebug.a */; };
		E4B69E200A3A1BDC003C02F2 /* main.cpp in Sources */ = {isa = PBXBuildFile; fileRef = E4B69E1D0A3A1BDC003C02F2 /* main.cpp */; };
		E4B69E210A3A1BDC003C02F2 /* ofApp.cpp in Sources */ = {isa = PBXBuildFile; fileRef = E4B69E1E0A3A1BDC003C02F2 /* ofApp.cpp */; };
/* End PBXBuildFile section */

/* Begin PBXContainerItemProxy section */
		E4328147138ABC890047C5CB /* PBXContainerItemProxy */ = {
			isa = PBXContainerItemProxy;
			containerPortal = E4328143138ABC890047C5CB /* openFrameworksLib.xcodeproj */;
			proxyType = 2;
			remoteGlobalIDString = E4B27C1510CBEB8E00536013;
			remoteInfo = openFrameworks;
		};
		E4EEB9AB138B136A00A80321 /* PBXContainerItemProxy */ = {
			isa = PBXContainerItemProxy;
			containerPortal = E4328143138ABC890047C5CB /* openFrameworksLib.xcodeproj */;
			proxyType = 1;
			remoteGlobalIDString = E4B27C1410CBEB8E00536013;
			remoteInfo = openFrameworks;
		};
/* End PBXContainerItemProxy section */

/* Begin PBXCopyFilesBuildPhase section */
		E4C2427710CC5ABF004149E2 /* CopyFiles */ = {
			isa = PBXCopyFilesBuildPhase;
			buildActionMask = 2147483647;
			dstPath = "";
			dstSubfolderSpec = 10;
			files = (
			);
			runOnlyForDeploymentPostprocessing = 0;
		};
/* End PBXCopyFilesBuildPhase section */

/* Begin PBXFileReference section */
		052ABEAE059114338504EB62 /* ofxTouchGUIDropDown.mm */ = {isa = PBXFileReference; explicitFileType = sourcecode.cpp.objcpp; fileEncoding = 30; name = ofxTouchGUIDropDown.mm; path = ../../../../of_093/addons/ofxTouchGUI/src/ofxTouchGUIDropDown.mm; sourceTree = SOURCE_ROOT; };
		07CBA29D73D858119D2A2516 /* ofxTouchGUIDataGraph.h */ = {isa = PBXFileReference; explicitFileType = sourcecode.c.h; fileEncoding = 30; name = ofxTouchGUIDataGraph.h; path = ../../../../of_093/addons/ofxTouchGUI/src/ofxTouchGUIDataGraph.h; sourceTree = SOURCE_ROOT; };
		0889A3DC3BB96F52F0AF75E4 /* IpEndpointName.cpp */ = {isa = PBXFileReference; explicitFileType = sourcecode.cpp.cpp; fileEncoding = 30; name = IpEndpointName.cpp; path = ../../../../of_093/addons/ofxOsc/libs/oscpack/src/ip/IpEndpointName.cpp; sourceTree = SOURCE_ROOT; };
		0B294515B35C1A8AC3088F95 /* NetworkingUtils.h */ = {isa = PBXFileReference; explicitFileType = sourcecode.c.h; fileEncoding = 30; name = NetworkingUtils.h; path = ../../../../of_093/addons/ofxOsc/libs/oscpack/src/ip/NetworkingUtils.h; sourceTree = SOURCE_ROOT; };
		0DD052DF2C25E063A7ADE5F8 /* ofxOscBundle.h */ = {isa = PBXFileReference; explicitFileType = sourcecode.c.h; fileEncoding = 30; name = ofxOscBundle.h; path = ../../../../of_093/addons/ofxOsc/src/ofxOscBundle.h; sourceTree = SOURCE_ROOT; };
		12197534E53864AD3A4E90CF /* ofxOscMessage.h */ = {isa = PBXFileReference; explicitFileType = sourcecode.c.h; fileEncoding = 30; name = ofxOscMessage.h; path = ../../../../of_093/addons/ofxOsc/src/ofxOscMessage.h; sourceTree = SOURCE_ROOT; };
		140F05278274FB629B6D57DD /* OscHostEndianness.h */ = {isa = PBXFileReference; explicitFileType = sourcecode.c.h; fileEncoding = 30; name = OscHostEndianness.h; path = ../../../../of_093/addons/ofxOsc/libs/oscpack/src/osc/OscHostEndianness.h; sourceTree = SOURCE_ROOT; };
		17D0D12A0E3611A50D2E9492 /* ofxTouchGUISlider.mm */ = {isa = PBXFileReference; explicitFileType = sourcecode.cpp.objcpp; fileEncoding = 30; name = ofxTouchGUISlider.mm; path = ../../../../of_093/addons/ofxTouchGUI/src/ofxTouchGUISlider.mm; sourceTree = SOURCE_ROOT; };
		1D89CB9225876E177183F64B /* ofxTouchGUIToggleButton.mm */ = {isa = PBXFileReference; explicitFileType = sourcecode.cpp.objcpp; fileEncoding = 30; name = ofxTouchGUIToggleButton.mm; path = ../../../../of_093/addons/ofxTouchGUI/src/ofxTouchGUIToggleButton.mm; sourceTree = SOURCE_ROOT; };
		21A2D070092F03FCBB363087 /* ofxOscMessage.cpp */ = {isa = PBXFileReference; explicitFileType = sourcecode.cpp.cpp; fileEncoding = 30; name = ofxOscMessage.cpp; path = ../../../../of_093/addons/ofxOsc/src/ofxOscMessage.cpp; sourceTree = SOURCE_ROOT; };
		3F652C25B1CC95C05147EB85 /* ofxOscSender.h */ = {isa = PBXFileReference; explicitFileType = sourcecode.c.h; fileEncoding = 30; name = ofxOscSender.h; path = ../../../../of_093/addons/ofxOsc/src/ofxOscSender.h; sourceTree = SOURCE_ROOT; };
		41DBEB5342245BBAC01A3297 /* IpEndpointName.h */ = {isa = PBXFileReference; explicitFileType = sourcecode.c.h; fileEncoding = 30; name = IpEndpointName.h; path = ../../../../of_093/addons/ofxOsc/libs/oscpack/src/ip/IpEndpointName.h; sourceTree = SOURCE_ROOT; };
		49B2ACFF57A5656A79884CAA /* ofxTouchGUISlider.h */ = {isa = PBXFileReference; explicitFileType = sourcecode.c.h; fileEncoding = 30; name = ofxTouchGUISlider.h; path = ../../../../of_093/addons/ofxTouchGUI/src/ofxTouchGUISlider.h; sourceTree = SOURCE_ROOT; };
		4DBB8419AE0E875AA91C47FE /* UdpSocket.h */ = {isa = PBXFileReference; explicitFileType = sourcecode.c.h; fileEncoding = 30; name = UdpSocket.h; path = ../../../../of_093/addons/ofxOsc/libs/oscpack/src/ip/UdpSocket.h; sourceTree = SOURCE_ROOT; };
		4EE80A691BDFDC6E6304C5BA /* ofxOscReceiver.h */ = {isa = PBXFileReference; explicitFileType = sourcecode.c.h; fileEncoding = 30; name = ofxOscReceiver.h; path = ../../../../of_093/addons/ofxOsc/src/ofxOscReceiver.h; sourceTree = SOURCE_ROOT; };
		505701AEABD4F0A9D183B78C /* ofxTouchGUITextInput.mm */ = {isa = PBXFileReference; explicitFileType = sourcecode.cpp.objcpp; fileEncoding = 30; name = ofxTouchGUITextInput.mm; path = ../../../../of_093/addons/ofxTouchGUI/src/ofxTouchGUITextInput.mm; sourceTree = SOURCE_ROOT; };
		5674CA8BC3EF63F7B428B954 /* UdpSocket.cpp */ = {isa = PBXFileReference; explicitFileType = sourcecode.cpp.cpp; fileEncoding = 30; name = UdpSocket.cpp; path = ../../../../of_093/addons/ofxOsc/libs/oscpack/src/ip/posix/UdpSocket.cpp; sourceTree = SOURCE_ROOT; };
		5B5040A9C34EFA23C0ACE43A /* OscOutboundPacketStream.cpp */ = {isa = PBXFileReference; explicitFileType = sourcecode.cpp.cpp; fileEncoding = 30; name = OscOutboundPacketStream.cpp; path = ../../../../of_093/addons/ofxOsc/libs/oscpack/src/osc/OscOutboundPacketStream.cpp; sourceTree = SOURCE_ROOT; };
		6114311AC66A7168EB3510BF /* PingPong.hpp */ = {isa = PBXFileReference; explicitFileType = sourcecode.c.h; fileEncoding = 30; name = PingPong.hpp; path = src/PingPong.hpp; sourceTree = SOURCE_ROOT; };
		614DF539B22797B5F516751B /* ofxTouchGUIEventArgs.h */ = {isa = PBXFileReference; explicitFileType = sourcecode.c.h; fileEncoding = 30; name = ofxTouchGUIEventArgs.h; path = ../../../../of_093/addons/ofxTouchGUI/src/ofxTouchGUIEventArgs.h; sourceTree = SOURCE_ROOT; };
		627951B9EF970B3B03F58534 /* ofxOscSender.cpp */ = {isa = PBXFileReference; explicitFileType = sourcecode.cpp.cpp; fileEncoding = 30; name = ofxOscSender.cpp; path = ../../../../of_093/addons/ofxOsc/src/ofxOscSender.cpp; sourceTree = SOURCE_ROOT; };
		65F40CC7236DB1D82C250AA6 /* MessageMappingOscPacketListener.h */ = {isa = PBXFileReference; explicitFileType = sourcecode.c.h; fileEncoding = 30; name = MessageMappingOscPacketListener.h; path = ../../../../of_093/addons/ofxOsc/libs/oscpack/src/osc/MessageMappingOscPacketListener.h; sourceTree = SOURCE_ROOT; };
		6C027600A04F2F6F5443E5C0 /* ofxOscReceiver.cpp */ = {isa = PBXFileReference; explicitFileType = sourcecode.cpp.cpp; fileEncoding = 30; name = ofxOscReceiver.cpp; path = ../../../../of_093/addons/ofxOsc/src/ofxOscReceiver.cpp; sourceTree = SOURCE_ROOT; };
		71B42C5895F5CE2F98F323B5 /* ofxOscParameterSync.cpp */ = {isa = PBXFileReference; explicitFileType = sourcecode.cpp.cpp; fileEncoding = 30; name = ofxOscParameterSync.cpp; path = ../../../../of_093/addons/ofxOsc/src/ofxOscParameterSync.cpp; sourceTree = SOURCE_ROOT; };
		79A2ED471ED2852B004C1465 /* shaders */ = {isa = PBXFileReference; lastKnownFileType = folder; name = shaders; path = bin/data/shaders; sourceTree = SOURCE_ROOT; };
		82D77993C7A6C52FF0B9EEE5 /* OscTypes.cpp */ = {isa = PBXFileReference; explicitFileType = sourcecode.cpp.cpp; fileEncoding = 30; name = OscTypes.cpp; path = ../../../../of_093/addons/ofxOsc/libs/oscpack/src/osc/OscTypes.cpp; sourceTree = SOURCE_ROOT; };
		85FB5928B8445DF15FE28FF3 /* ofxTouchGUIText.mm */ = {isa = PBXFileReference; explicitFileType = sourcecode.cpp.objcpp; fileEncoding = 30; name = ofxTouchGUIText.mm; path = ../../../../of_093/addons/ofxTouchGUI/src/ofxTouchGUIText.mm; sourceTree = SOURCE_ROOT; };
		8DC89975990601DBB88774CD /* OscPacketListener.h */ = {isa = PBXFileReference; explicitFileType = sourcecode.c.h; fileEncoding = 30; name = OscPacketListener.h; path = ../../../../of_093/addons/ofxOsc/libs/oscpack/src/osc/OscPacketListener.h; sourceTree = SOURCE_ROOT; };
		A0C0ACDC1A2EC2EC8D99912F /* OscTypes.h */ = {isa = PBXFileReference; explicitFileType = sourcecode.c.h; fileEncoding = 30; name = OscTypes.h; path = ../../../../of_093/addons/ofxOsc/libs/oscpack/src/osc/OscTypes.h; sourceTree = SOURCE_ROOT; };
		A1D0CD558CDE4A44A3E9D791 /* ofxTouchGUIBase.mm */ = {isa = PBXFileReference; explicitFileType = sourcecode.cpp.objcpp; fileEncoding = 30; name = ofxTouchGUIBase.mm; path = ../../../../of_093/addons/ofxTouchGUI/src/ofxTouchGUIBase.mm; sourceTree = SOURCE_ROOT; };
		A36E30AAD5AD7917014BE18A /* ofxOscParameterSync.h */ = {isa = PBXFileReference; explicitFileType = sourcecode.c.h; fileEncoding = 30; name = ofxOscParameterSync.h; path = ../../../../of_093/addons/ofxOsc/src/ofxOscParameterSync.h; sourceTree = SOURCE_ROOT; };
		A670F190FBCE9D8995B2678E /* OscPrintReceivedElements.cpp */ = {isa = PBXFileReference; explicitFileType = sourcecode.cpp.cpp; fileEncoding = 30; name = OscPrintReceivedElements.cpp; path = ../../../../of_093/addons/ofxOsc/libs/oscpack/src/osc/OscPrintReceivedElements.cpp; sourceTree = SOURCE_ROOT; };
		A88AA1320C4CF887E2FAF118 /* ofxTouchGUIBase.h */ = {isa = PBXFileReference; explicitFileType = sourcecode.c.h; fileEncoding = 30; name = ofxTouchGUIBase.h; path = ../../../../of_093/addons/ofxTouchGUI/src/ofxTouchGUIBase.h; sourceTree = SOURCE_ROOT; };
		ABB19836DD75DB5B05A21A36 /* ofxOscArg.h */ = {isa = PBXFileReference; explicitFileType = sourcecode.c.h; fileEncoding = 30; name = ofxOscArg.h; path = ../../../../of_093/addons/ofxOsc/src/ofxOscArg.h; sourceTree = SOURCE_ROOT; };
		ABC3B60F9C378D9AF441A07F /* ofxTouchGUIDataGraph.mm */ = {isa = PBXFileReference; explicitFileType = sourcecode.cpp.objcpp; fileEncoding = 30; name = ofxTouchGUIDataGraph.mm; path = ../../../../of_093/addons/ofxTouchGUI/src/ofxTouchGUIDataGraph.mm; sourceTree = SOURCE_ROOT; };
		B00994F95F9A93D08E6C26F3 /* OscReceivedElements.cpp */ = {isa = PBXFileReference; explicitFileType = sourcecode.cpp.cpp; fileEncoding = 30; name = OscReceivedElements.cpp; path = ../../../../of_093/addons/ofxOsc/libs/oscpack/src/osc/OscReceivedElements.cpp; sourceTree = SOURCE_ROOT; };
		B0AB9A21A88FA04CA6287D87 /* OscReceivedElements.h */ = {isa = PBXFileReference; explicitFileType = sourcecode.c.h; fileEncoding = 30; name = OscReceivedElements.h; path = ../../../../of_093/addons/ofxOsc/libs/oscpack/src/osc/OscReceivedElements.h; sourceTree = SOURCE_ROOT; };
		B168AA1C1EDE452470A10834 /* ofxTouchGUIDropDown.h */ = {isa = PBXFileReference; explicitFileType = sourcecode.c.h; fileEncoding = 30; name = ofxTouchGUIDropDown.h; path = ../../../../of_093/addons/ofxTouchGUI/src/ofxTouchGUIDropDown.h; sourceTree = SOURCE_ROOT; };
		B1A84CD55CD8322CA9F692DA /* ofxTouchGUIText.h */ = {isa = PBXFileReference; explicitFileType = sourcecode.c.h; fileEncoding = 30; name = ofxTouchGUIText.h; path = ../../../../of_093/addons/ofxTouchGUI/src/ofxTouchGUIText.h; sourceTree = SOURCE_ROOT; };
		BC93AC90DFDD82757711425A /* ofxTouchGUIButton.h */ = {isa = PBXFileReference; explicitFileType = sourcecode.c.h; fileEncoding = 30; name = ofxTouchGUIButton.h; path = ../../../../of_093/addons/ofxTouchGUI/src/ofxTouchGUIButton.h; sourceTree = SOURCE_ROOT; };
		BFCCF030DFD6162FF9BC074A /* PingPong.cpp */ = {isa = PBXFileReference; explicitFileType = sourcecode.cpp.cpp; fileEncoding = 30; name = PingPong.cpp; path = src/PingPong.cpp; sourceTree = SOURCE_ROOT; };
		C13EED74FE1E2DC6F17E913D /* OscOutboundPacketStream.h */ = {isa = PBXFileReference; explicitFileType = sourcecode.c.h; fileEncoding = 30; name = OscOutboundPacketStream.h; path = ../../../../of_093/addons/ofxOsc/libs/oscpack/src/osc/OscOutboundPacketStream.h; sourceTree = SOURCE_ROOT; };
		C1F20FFA7557014B34E9A38F /* ofxTouchGUI.mm */ = {isa = PBXFileReference; explicitFileType = sourcecode.cpp.objcpp; fileEncoding = 30; name = ofxTouchGUI.mm; path = ../../../../of_093/addons/ofxTouchGUI/src/ofxTouchGUI.mm; sourceTree = SOURCE_ROOT; };
		C22AB7CBFC6AECC082B3A902 /* TimerListener.h */ = {isa = PBXFileReference; explicitFileType = sourcecode.c.h; fileEncoding = 30; name = TimerListener.h; path = ../../../../of_093/addons/ofxOsc/libs/oscpack/src/ip/TimerListener.h; sourceTree = SOURCE_ROOT; };
		C258E6D9B89C38EF3AE7D934 /* Canvas.cpp */ = {isa = PBXFileReference; explicitFileType = sourcecode.cpp.cpp; fileEncoding = 30; name = Canvas.cpp; path = src/Canvas.cpp; sourceTree = SOURCE_ROOT; };
		CAFD628AFB575A4F74A053D8 /* NetworkingUtils.cpp */ = {isa = PBXFileReference; explicitFileType = sourcecode.cpp.cpp; fileEncoding = 30; name = NetworkingUtils.cpp; path = ../../../../of_093/addons/ofxOsc/libs/oscpack/src/ip/posix/NetworkingUtils.cpp; sourceTree = SOURCE_ROOT; };
		CBEAE2D57B9DB118CEA7593B /* ofxTouchGUI.h */ = {isa = PBXFileReference; explicitFileType = sourcecode.c.h; fileEncoding = 30; name = ofxTouchGUI.h; path = ../../../../of_093/addons/ofxTouchGUI/src/ofxTouchGUI.h; sourceTree = SOURCE_ROOT; };
		D0834430B4B3CE79854F97E9 /* ofxOscBundle.cpp */ = {isa = PBXFileReference; explicitFileType = sourcecode.cpp.cpp; fileEncoding = 30; name = ofxOscBundle.cpp; path = ../../../../of_093/addons/ofxOsc/src/ofxOscBundle.cpp; sourceTree = SOURCE_ROOT; };
		E0D22C30E9BEC25066CD4A8C /* PacketListener.h */ = {isa = PBXFileReference; explicitFileType = sourcecode.c.h; fileEncoding = 30; name = PacketListener.h; path = ../../../../of_093/addons/ofxOsc/libs/oscpack/src/ip/PacketListener.h; sourceTree = SOURCE_ROOT; };
		E4328143138ABC890047C5CB /* openFrameworksLib.xcodeproj */ = {isa = PBXFileReference; lastKnownFileType = "wrapper.pb-project"; name = openFrameworksLib.xcodeproj; path = ../../../../of_093/libs/openFrameworksCompiled/project/osx/openFrameworksLib.xcodeproj; sourceTree = SOURCE_ROOT; };
		E4B69B5B0A3A1756003C02F2 /* WatercolorTestDebug.app */ = {isa = PBXFileReference; explicitFileType = wrapper.application; includeInIndex = 0; path = WatercolorTestDebug.app; sourceTree = BUILT_PRODUCTS_DIR; };
		E4B69E1D0A3A1BDC003C02F2 /* main.cpp */ = {isa = PBXFileReference; fileEncoding = 30; lastKnownFileType = sourcecode.cpp.cpp; name = main.cpp; path = src/main.cpp; sourceTree = SOURCE_ROOT; };
		E4B69E1E0A3A1BDC003C02F2 /* ofApp.cpp */ = {isa = PBXFileReference; explicitFileType = sourcecode.cpp.cpp; fileEncoding = 30; name = ofApp.cpp; path = src/ofApp.cpp; sourceTree = SOURCE_ROOT; };
		E4B69E1F0A3A1BDC003C02F2 /* ofApp.h */ = {isa = PBXFileReference; fileEncoding = 30; lastKnownFileType = sourcecode.c.h; name = ofApp.h; path = src/ofApp.h; sourceTree = SOURCE_ROOT; };
		E4B6FCAD0C3E899E008CF71C /* openFrameworks-Info.plist */ = {isa = PBXFileReference; fileEncoding = 30; lastKnownFileType = text.plist.xml; path = "openFrameworks-Info.plist"; sourceTree = "<group>"; };
		E4EB691F138AFCF100A09F29 /* CoreOF.xcconfig */ = {isa = PBXFileReference; fileEncoding = 4; lastKnownFileType = text.xcconfig; name = CoreOF.xcconfig; path = ../../../../of_093/libs/openFrameworksCompiled/project/osx/CoreOF.xcconfig; sourceTree = SOURCE_ROOT; };
		E4EB6923138AFD0F00A09F29 /* Project.xcconfig */ = {isa = PBXFileReference; fileEncoding = 4; lastKnownFileType = text.xcconfig; path = Project.xcconfig; sourceTree = "<group>"; };
		EAB5D78B072036994F514494 /* ofxTouchGUITextInput.h */ = {isa = PBXFileReference; explicitFileType = sourcecode.c.h; fileEncoding = 30; name = ofxTouchGUITextInput.h; path = ../../../../of_093/addons/ofxTouchGUI/src/ofxTouchGUITextInput.h; sourceTree = SOURCE_ROOT; };
		EC8D8A50C7B12EAAB5E2E368 /* ofxTouchGUIButton.mm */ = {isa = PBXFileReference; explicitFileType = sourcecode.cpp.objcpp; fileEncoding = 30; name = ofxTouchGUIButton.mm; path = ../../../../of_093/addons/ofxTouchGUI/src/ofxTouchGUIButton.mm; sourceTree = SOURCE_ROOT; };
		F73F753062466D4CECA013B7 /* Canvas.hpp */ = {isa = PBXFileReference; explicitFileType = sourcecode.c.h; fileEncoding = 30; name = Canvas.hpp; path = src/Canvas.hpp; sourceTree = SOURCE_ROOT; };
		F9BC53ED7D19CF0B5ADF5595 /* OscException.h */ = {isa = PBXFileReference; explicitFileType = sourcecode.c.h; fileEncoding = 30; name = OscException.h; path = ../../../../of_093/addons/ofxOsc/libs/oscpack/src/osc/OscException.h; sourceTree = SOURCE_ROOT; };
		FA2F75DAAF8B7B6D0337B3C7 /* OscPrintReceivedElements.h */ = {isa = PBXFileReference; explicitFileType = sourcecode.c.h; fileEncoding = 30; name = OscPrintReceivedElements.h; path = ../../../../of_093/addons/ofxOsc/libs/oscpack/src/osc/OscPrintReceivedElements.h; sourceTree = SOURCE_ROOT; };
		FE38C2382BF2439756788B95 /* ofxTouchGUIToggleButton.h */ = {isa = PBXFileReference; explicitFileType = sourcecode.c.h; fileEncoding = 30; name = ofxTouchGUIToggleButton.h; path = ../../../../of_093/addons/ofxTouchGUI/src/ofxTouchGUIToggleButton.h; sourceTree = SOURCE_ROOT; };
		FE82D87016FE214F5BFE782E /* ofxOsc.h */ = {isa = PBXFileReference; explicitFileType = sourcecode.c.h; fileEncoding = 30; name = ofxOsc.h; path = ../../../../of_093/addons/ofxOsc/src/ofxOsc.h; sourceTree = SOURCE_ROOT; };
/* End PBXFileReference section */

/* Begin PBXFrameworksBuildPhase section */
		E4B69B590A3A1756003C02F2 /* Frameworks */ = {
			isa = PBXFrameworksBuildPhase;
			buildActionMask = 2147483647;
			files = (
				E4328149138ABC9F0047C5CB /* openFrameworksDebug.a in Frameworks */,
			);
			runOnlyForDeploymentPostprocessing = 0;
		};
/* End PBXFrameworksBuildPhase section */

/* Begin PBXGroup section */
		0339CAB512BC9814266B1C38 /* ofxTouchGUI */ = {
			isa = PBXGroup;
			children = (
				EE7AA33C5D64AA2A82DF4765 /* src */,
			);
			name = ofxTouchGUI;
			sourceTree = "<group>";
		};
		30CB364908817057B430D528 /* osc */ = {
			isa = PBXGroup;
			children = (
				65F40CC7236DB1D82C250AA6 /* MessageMappingOscPacketListener.h */,
				F9BC53ED7D19CF0B5ADF5595 /* OscException.h */,
				140F05278274FB629B6D57DD /* OscHostEndianness.h */,
				5B5040A9C34EFA23C0ACE43A /* OscOutboundPacketStream.cpp */,
				C13EED74FE1E2DC6F17E913D /* OscOutboundPacketStream.h */,
				8DC89975990601DBB88774CD /* OscPacketListener.h */,
				A670F190FBCE9D8995B2678E /* OscPrintReceivedElements.cpp */,
				FA2F75DAAF8B7B6D0337B3C7 /* OscPrintReceivedElements.h */,
				B00994F95F9A93D08E6C26F3 /* OscReceivedElements.cpp */,
				B0AB9A21A88FA04CA6287D87 /* OscReceivedElements.h */,
				82D77993C7A6C52FF0B9EEE5 /* OscTypes.cpp */,
				A0C0ACDC1A2EC2EC8D99912F /* OscTypes.h */,
			);
			name = osc;
			sourceTree = "<group>";
		};
		38871A5825686AE018EC2BF0 /* libs */ = {
			isa = PBXGroup;
			children = (
				86D2677079A3AF4A5A88E29A /* oscpack */,
			);
			name = libs;
			sourceTree = "<group>";
		};
		641362CA659FAFEE4E81001B /* posix */ = {
			isa = PBXGroup;
			children = (
				CAFD628AFB575A4F74A053D8 /* NetworkingUtils.cpp */,
				5674CA8BC3EF63F7B428B954 /* UdpSocket.cpp */,
			);
			name = posix;
			sourceTree = "<group>";
		};
		6948EE371B920CB800B5AC1A /* local_addons */ = {
			isa = PBXGroup;
			children = (
			);
			name = local_addons;
			sourceTree = "<group>";
		};
		86D2677079A3AF4A5A88E29A /* oscpack */ = {
			isa = PBXGroup;
			children = (
				D27B2221A225CA523C019676 /* src */,
			);
			name = oscpack;
			sourceTree = "<group>";
		};
		BB4B014C10F69532006C3DED /* addons */ = {
			isa = PBXGroup;
			children = (
				E6053AB7FEC63D5F83825B88 /* ofxOsc */,
				0339CAB512BC9814266B1C38 /* ofxTouchGUI */,
			);
			name = addons;
			sourceTree = "<group>";
		};
		BD2F1A9F8D0C05EDB29122D0 /* src */ = {
			isa = PBXGroup;
			children = (
				FE82D87016FE214F5BFE782E /* ofxOsc.h */,
				ABB19836DD75DB5B05A21A36 /* ofxOscArg.h */,
				D0834430B4B3CE79854F97E9 /* ofxOscBundle.cpp */,
				0DD052DF2C25E063A7ADE5F8 /* ofxOscBundle.h */,
				21A2D070092F03FCBB363087 /* ofxOscMessage.cpp */,
				12197534E53864AD3A4E90CF /* ofxOscMessage.h */,
				71B42C5895F5CE2F98F323B5 /* ofxOscParameterSync.cpp */,
				A36E30AAD5AD7917014BE18A /* ofxOscParameterSync.h */,
				6C027600A04F2F6F5443E5C0 /* ofxOscReceiver.cpp */,
				4EE80A691BDFDC6E6304C5BA /* ofxOscReceiver.h */,
				627951B9EF970B3B03F58534 /* ofxOscSender.cpp */,
				3F652C25B1CC95C05147EB85 /* ofxOscSender.h */,
			);
			name = src;
			sourceTree = "<group>";
		};
		D27B2221A225CA523C019676 /* src */ = {
			isa = PBXGroup;
			children = (
				FF8CDF57858E9B94E3237115 /* ip */,
				30CB364908817057B430D528 /* osc */,
			);
			name = src;
			sourceTree = "<group>";
		};
		E4328144138ABC890047C5CB /* Products */ = {
			isa = PBXGroup;
			children = (
				E4328148138ABC890047C5CB /* openFrameworksDebug.a */,
			);
			name = Products;
			sourceTree = "<group>";
		};
		E4B69B4A0A3A1720003C02F2 = {
			isa = PBXGroup;
			children = (
				E4B6FCAD0C3E899E008CF71C /* openFrameworks-Info.plist */,
				E4EB6923138AFD0F00A09F29 /* Project.xcconfig */,
				E4B69E1C0A3A1BDC003C02F2 /* src */,
				E4EEC9E9138DF44700A80321 /* openFrameworks */,
				BB4B014C10F69532006C3DED /* addons */,
				6948EE371B920CB800B5AC1A /* local_addons */,
				E4B69B5B0A3A1756003C02F2 /* WatercolorTestDebug.app */,
			);
			sourceTree = "<group>";
		};
		E4B69E1C0A3A1BDC003C02F2 /* src */ = {
			isa = PBXGroup;
			children = (
				79A2ED471ED2852B004C1465 /* shaders */,
				E4B69E1D0A3A1BDC003C02F2 /* main.cpp */,
				E4B69E1E0A3A1BDC003C02F2 /* ofApp.cpp */,
				E4B69E1F0A3A1BDC003C02F2 /* ofApp.h */,
				C258E6D9B89C38EF3AE7D934 /* Canvas.cpp */,
				F73F753062466D4CECA013B7 /* Canvas.hpp */,
				BFCCF030DFD6162FF9BC074A /* PingPong.cpp */,
				6114311AC66A7168EB3510BF /* PingPong.hpp */,
			);
			path = src;
			sourceTree = SOURCE_ROOT;
		};
		E4EEC9E9138DF44700A80321 /* openFrameworks */ = {
			isa = PBXGroup;
			children = (
				E4EB691F138AFCF100A09F29 /* CoreOF.xcconfig */,
				E4328143138ABC890047C5CB /* openFrameworksLib.xcodeproj */,
			);
			name = openFrameworks;
			sourceTree = "<group>";
		};
		E6053AB7FEC63D5F83825B88 /* ofxOsc */ = {
			isa = PBXGroup;
			children = (
				BD2F1A9F8D0C05EDB29122D0 /* src */,
				38871A5825686AE018EC2BF0 /* libs */,
			);
			name = ofxOsc;
			sourceTree = "<group>";
		};
		EE7AA33C5D64AA2A82DF4765 /* src */ = {
			isa = PBXGroup;
			children = (
				CBEAE2D57B9DB118CEA7593B /* ofxTouchGUI.h */,
				C1F20FFA7557014B34E9A38F /* ofxTouchGUI.mm */,
				A88AA1320C4CF887E2FAF118 /* ofxTouchGUIBase.h */,
				A1D0CD558CDE4A44A3E9D791 /* ofxTouchGUIBase.mm */,
				BC93AC90DFDD82757711425A /* ofxTouchGUIButton.h */,
				EC8D8A50C7B12EAAB5E2E368 /* ofxTouchGUIButton.mm */,
				07CBA29D73D858119D2A2516 /* ofxTouchGUIDataGraph.h */,
				ABC3B60F9C378D9AF441A07F /* ofxTouchGUIDataGraph.mm */,
				B168AA1C1EDE452470A10834 /* ofxTouchGUIDropDown.h */,
				052ABEAE059114338504EB62 /* ofxTouchGUIDropDown.mm */,
				614DF539B22797B5F516751B /* ofxTouchGUIEventArgs.h */,
				49B2ACFF57A5656A79884CAA /* ofxTouchGUISlider.h */,
				17D0D12A0E3611A50D2E9492 /* ofxTouchGUISlider.mm */,
				B1A84CD55CD8322CA9F692DA /* ofxTouchGUIText.h */,
				85FB5928B8445DF15FE28FF3 /* ofxTouchGUIText.mm */,
				EAB5D78B072036994F514494 /* ofxTouchGUITextInput.h */,
				505701AEABD4F0A9D183B78C /* ofxTouchGUITextInput.mm */,
				FE38C2382BF2439756788B95 /* ofxTouchGUIToggleButton.h */,
				1D89CB9225876E177183F64B /* ofxTouchGUIToggleButton.mm */,
			);
			name = src;
			sourceTree = "<group>";
		};
		FF8CDF57858E9B94E3237115 /* ip */ = {
			isa = PBXGroup;
			children = (
				0889A3DC3BB96F52F0AF75E4 /* IpEndpointName.cpp */,
				41DBEB5342245BBAC01A3297 /* IpEndpointName.h */,
				0B294515B35C1A8AC3088F95 /* NetworkingUtils.h */,
				E0D22C30E9BEC25066CD4A8C /* PacketListener.h */,
				641362CA659FAFEE4E81001B /* posix */,
				C22AB7CBFC6AECC082B3A902 /* TimerListener.h */,
				4DBB8419AE0E875AA91C47FE /* UdpSocket.h */,
			);
			name = ip;
			sourceTree = "<group>";
		};
/* End PBXGroup section */

/* Begin PBXNativeTarget section */
		E4B69B5A0A3A1756003C02F2 /* WatercolorTest */ = {
			isa = PBXNativeTarget;
			buildConfigurationList = E4B69B5F0A3A1757003C02F2 /* Build configuration list for PBXNativeTarget "WatercolorTest" */;
			buildPhases = (
				E4B69B580A3A1756003C02F2 /* Sources */,
				E4B69B590A3A1756003C02F2 /* Frameworks */,
				E4B6FFFD0C3F9AB9008CF71C /* ShellScript */,
				E4C2427710CC5ABF004149E2 /* CopyFiles */,
			);
			buildRules = (
			);
			dependencies = (
				E4EEB9AC138B136A00A80321 /* PBXTargetDependency */,
			);
			name = WatercolorTest;
			productName = myOFApp;
			productReference = E4B69B5B0A3A1756003C02F2 /* WatercolorTestDebug.app */;
			productType = "com.apple.product-type.application";
		};
/* End PBXNativeTarget section */

/* Begin PBXProject section */
		E4B69B4C0A3A1720003C02F2 /* Project object */ = {
			isa = PBXProject;
			attributes = {
				LastUpgradeCheck = 0600;
			};
			buildConfigurationList = E4B69B4D0A3A1720003C02F2 /* Build configuration list for PBXProject "WatercolorTest" */;
			compatibilityVersion = "Xcode 3.2";
			developmentRegion = English;
			hasScannedForEncodings = 0;
			knownRegions = (
				English,
				Japanese,
				French,
				German,
			);
			mainGroup = E4B69B4A0A3A1720003C02F2;
			productRefGroup = E4B69B4A0A3A1720003C02F2;
			projectDirPath = "";
			projectReferences = (
				{
					ProductGroup = E4328144138ABC890047C5CB /* Products */;
					ProjectRef = E4328143138ABC890047C5CB /* openFrameworksLib.xcodeproj */;
				},
			);
			projectRoot = "";
			targets = (
				E4B69B5A0A3A1756003C02F2 /* WatercolorTest */,
			);
		};
/* End PBXProject section */

/* Begin PBXReferenceProxy section */
		E4328148138ABC890047C5CB /* openFrameworksDebug.a */ = {
			isa = PBXReferenceProxy;
			fileType = archive.ar;
			path = openFrameworksDebug.a;
			remoteRef = E4328147138ABC890047C5CB /* PBXContainerItemProxy */;
			sourceTree = BUILT_PRODUCTS_DIR;
		};
/* End PBXReferenceProxy section */

/* Begin PBXShellScriptBuildPhase section */
		E4B6FFFD0C3F9AB9008CF71C /* ShellScript */ = {
			isa = PBXShellScriptBuildPhase;
			buildActionMask = 2147483647;
			files = (
			);
			inputPaths = (
			);
			outputPaths = (
			);
			runOnlyForDeploymentPostprocessing = 0;
			shellPath = /bin/sh;
			shellScript = "mkdir -p \"$TARGET_BUILD_DIR/$PRODUCT_NAME.app/Contents/Resources/\"\n# Copy default icon file into App/Resources\nrsync -aved \"$ICON_FILE\" \"$TARGET_BUILD_DIR/$PRODUCT_NAME.app/Contents/Resources/\"\n# Copy libfmod and change install directory for fmod to run\nrsync -aved ../../../../of_093/libs/fmodex/lib/osx/libfmodex.dylib \"$TARGET_BUILD_DIR/$PRODUCT_NAME.app/Contents/Frameworks/\";\ninstall_name_tool -change @executable_path/libfmodex.dylib @executable_path/../Frameworks/libfmodex.dylib \"$TARGET_BUILD_DIR/$PRODUCT_NAME.app/Contents/MacOS/$PRODUCT_NAME\";\n# Copy GLUT framework (must remove for AppStore submissions)\nrsync -aved ../../../../of_093/libs/glut/lib/osx/GLUT.framework \"$TARGET_BUILD_DIR/$PRODUCT_NAME.app/Contents/Frameworks/\"\n";
		};
/* End PBXShellScriptBuildPhase section */

/* Begin PBXSourcesBuildPhase section */
		E4B69B580A3A1756003C02F2 /* Sources */ = {
			isa = PBXSourcesBuildPhase;
			buildActionMask = 2147483647;
			files = (
				E4B69E200A3A1BDC003C02F2 /* main.cpp in Sources */,
				E4B69E210A3A1BDC003C02F2 /* ofApp.cpp in Sources */,
				9C39A910EAC6A6B122C02B3A /* Canvas.cpp in Sources */,
				A91760D0718F3E107E57D1A2 /* PingPong.cpp in Sources */,
				708513A49EDF6F8F7429D2B1 /* ofxOscBundle.cpp in Sources */,
				B700B2E1396594475E413F57 /* ofxOscMessage.cpp in Sources */,
				3ABC520C130705961512EAE2 /* ofxOscParameterSync.cpp in Sources */,
				64BD23BC6BFC95723F56626C /* ofxOscReceiver.cpp in Sources */,
				222F88ADD4FB348D97DEA784 /* ofxOscSender.cpp in Sources */,
				69905CC9F6AD3A0472A464B8 /* IpEndpointName.cpp in Sources */,
				C4721FEB43EF60E84FD39EA8 /* NetworkingUtils.cpp in Sources */,
				920DB777DF9775D7DCA14EA8 /* UdpSocket.cpp in Sources */,
				52F5C60495A17F8FB2763D27 /* OscOutboundPacketStream.cpp in Sources */,
				644026C6F2C18E10E0B2FA49 /* OscPrintReceivedElements.cpp in Sources */,
				D008776857B499ECBF252A97 /* OscReceivedElements.cpp in Sources */,
				40638733364DE766C19BDA5F /* OscTypes.cpp in Sources */,
				20D6872263BE31F2DC5E027D /* ofxTouchGUI.mm in Sources */,
				7016CB544F3FB165E4EFB0EC /* ofxTouchGUIBase.mm in Sources */,
				AEA308E3B6CAE31D40DDBA01 /* ofxTouchGUIButton.mm in Sources */,
				CD0808D90DAF82864BADD374 /* ofxTouchGUIDataGraph.mm in Sources */,
				C962625AA8D6C3DB4D9C94DB /* ofxTouchGUIDropDown.mm in Sources */,
				381F14446822A25A0704EC70 /* ofxTouchGUISlider.mm in Sources */,
				229A79797CEB3BBC676FBDA0 /* ofxTouchGUIText.mm in Sources */,
				08A9F03314470728960D8E4E /* ofxTouchGUITextInput.mm in Sources */,
				42FB568D812D7EF15D9FB441 /* ofxTouchGUIToggleButton.mm in Sources */,
			);
			runOnlyForDeploymentPostprocessing = 0;
		};
/* End PBXSourcesBuildPhase section */

/* Begin PBXTargetDependency section */
		E4EEB9AC138B136A00A80321 /* PBXTargetDependency */ = {
			isa = PBXTargetDependency;
			name = openFrameworks;
			targetProxy = E4EEB9AB138B136A00A80321 /* PBXContainerItemProxy */;
		};
/* End PBXTargetDependency section */

/* Begin XCBuildConfiguration section */
		E4B69B4E0A3A1720003C02F2 /* Debug */ = {
			isa = XCBuildConfiguration;
			baseConfigurationReference = E4EB6923138AFD0F00A09F29 /* Project.xcconfig */;
			buildSettings = {
				CONFIGURATION_BUILD_DIR = "$(SRCROOT)/bin/";
				COPY_PHASE_STRIP = NO;
				DEAD_CODE_STRIPPING = YES;
				GCC_AUTO_VECTORIZATION = YES;
				GCC_ENABLE_SSE3_EXTENSIONS = YES;
				GCC_ENABLE_SUPPLEMENTAL_SSE3_INSTRUCTIONS = YES;
				GCC_INLINES_ARE_PRIVATE_EXTERN = NO;
				GCC_OPTIMIZATION_LEVEL = 0;
				GCC_SYMBOLS_PRIVATE_EXTERN = NO;
				GCC_WARN_ABOUT_DEPRECATED_FUNCTIONS = YES;
				GCC_WARN_ABOUT_INVALID_OFFSETOF_MACRO = NO;
				GCC_WARN_ALLOW_INCOMPLETE_PROTOCOL = NO;
				GCC_WARN_UNINITIALIZED_AUTOS = NO;
				GCC_WARN_UNUSED_VALUE = NO;
				GCC_WARN_UNUSED_VARIABLE = NO;
				HEADER_SEARCH_PATHS = (
					"$(OF_CORE_HEADERS)",
					src,
					../../../../of_093/addons/ofxOsc/libs,
					../../../../of_093/addons/ofxOsc/libs/oscpack,
					../../../../of_093/addons/ofxOsc/libs/oscpack/src,
					../../../../of_093/addons/ofxOsc/libs/oscpack/src/ip,
					../../../../of_093/addons/ofxOsc/libs/oscpack/src/ip/posix,
					../../../../of_093/addons/ofxOsc/libs/oscpack/src/ip/win32,
					../../../../of_093/addons/ofxOsc/libs/oscpack/src/osc,
					../../../../of_093/addons/ofxOsc/src,
					../../../../of_093/addons/ofxTouchGUI/src,
				);
				MACOSX_DEPLOYMENT_TARGET = 10.8;
				ONLY_ACTIVE_ARCH = YES;
				OTHER_CPLUSPLUSFLAGS = (
					"-D__MACOSX_CORE__",
					"-mtune=native",
				);
				SDKROOT = macosx;
			};
			name = Debug;
		};
		E4B69B4F0A3A1720003C02F2 /* Release */ = {
			isa = XCBuildConfiguration;
			baseConfigurationReference = E4EB6923138AFD0F00A09F29 /* Project.xcconfig */;
			buildSettings = {
				CONFIGURATION_BUILD_DIR = "$(SRCROOT)/bin/";
				COPY_PHASE_STRIP = YES;
				DEAD_CODE_STRIPPING = YES;
				GCC_AUTO_VECTORIZATION = YES;
				GCC_ENABLE_SSE3_EXTENSIONS = YES;
				GCC_ENABLE_SUPPLEMENTAL_SSE3_INSTRUCTIONS = YES;
				GCC_INLINES_ARE_PRIVATE_EXTERN = NO;
				GCC_OPTIMIZATION_LEVEL = 3;
				GCC_SYMBOLS_PRIVATE_EXTERN = NO;
				GCC_UNROLL_LOOPS = YES;
				GCC_WARN_ABOUT_DEPRECATED_FUNCTIONS = YES;
				GCC_WARN_ABOUT_INVALID_OFFSETOF_MACRO = NO;
				GCC_WARN_ALLOW_INCOMPLETE_PROTOCOL = NO;
				GCC_WARN_UNINITIALIZED_AUTOS = NO;
				GCC_WARN_UNUSED_VALUE = NO;
				GCC_WARN_UNUSED_VARIABLE = NO;
				HEADER_SEARCH_PATHS = (
					"$(OF_CORE_HEADERS)",
					src,
					../../../../of_093/addons/ofxOsc/libs,
					../../../../of_093/addons/ofxOsc/libs/oscpack,
					../../../../of_093/addons/ofxOsc/libs/oscpack/src,
					../../../../of_093/addons/ofxOsc/libs/oscpack/src/ip,
					../../../../of_093/addons/ofxOsc/libs/oscpack/src/ip/posix,
					../../../../of_093/addons/ofxOsc/libs/oscpack/src/ip/win32,
					../../../../of_093/addons/ofxOsc/libs/oscpack/src/osc,
					../../../../of_093/addons/ofxOsc/src,
					../../../../of_093/addons/ofxTouchGUI/src,
				);
				MACOSX_DEPLOYMENT_TARGET = 10.8;
				OTHER_CPLUSPLUSFLAGS = (
					"-D__MACOSX_CORE__",
					"-mtune=native",
				);
				SDKROOT = macosx;
			};
			name = Release;
		};
		E4B69B600A3A1757003C02F2 /* Debug */ = {
			isa = XCBuildConfiguration;
			baseConfigurationReference = E4EB6923138AFD0F00A09F29 /* Project.xcconfig */;
			buildSettings = {
				COMBINE_HIDPI_IMAGES = YES;
				COPY_PHASE_STRIP = NO;
				FRAMEWORK_SEARCH_PATHS = (
					"$(inherited)",
					"$(FRAMEWORK_SEARCH_PATHS_QUOTED_FOR_TARGET_1)",
				);
				FRAMEWORK_SEARCH_PATHS_QUOTED_FOR_TARGET_1 = "\"$(SRCROOT)/../../../../of_093/libs/glut/lib/osx\"";
				GCC_DYNAMIC_NO_PIC = NO;
				GCC_GENERATE_DEBUGGING_SYMBOLS = YES;
				GCC_MODEL_TUNING = NONE;
				HEADER_SEARCH_PATHS = (
					"$(OF_CORE_HEADERS)",
					src,
					../../../../of_093/addons/ofxOsc/libs,
					../../../../of_093/addons/ofxOsc/libs/oscpack,
					../../../../of_093/addons/ofxOsc/libs/oscpack/src,
					../../../../of_093/addons/ofxOsc/libs/oscpack/src/ip,
					../../../../of_093/addons/ofxOsc/libs/oscpack/src/ip/posix,
					../../../../of_093/addons/ofxOsc/libs/oscpack/src/ip/win32,
					../../../../of_093/addons/ofxOsc/libs/oscpack/src/osc,
					../../../../of_093/addons/ofxOsc/src,
					../../../../of_093/addons/ofxTouchGUI/src,
				);
				ICON = "$(ICON_NAME_DEBUG)";
				ICON_FILE = "$(ICON_FILE_PATH)$(ICON)";
				INFOPLIST_FILE = "openFrameworks-Info.plist";
				INSTALL_PATH = /Applications;
				LIBRARY_SEARCH_PATHS = "$(inherited)";
				PRODUCT_NAME = "$(TARGET_NAME)Debug";
				WRAPPER_EXTENSION = app;
			};
			name = Debug;
		};
		E4B69B610A3A1757003C02F2 /* Release */ = {
			isa = XCBuildConfiguration;
			baseConfigurationReference = E4EB6923138AFD0F00A09F29 /* Project.xcconfig */;
			buildSettings = {
				COMBINE_HIDPI_IMAGES = YES;
				COPY_PHASE_STRIP = YES;
				FRAMEWORK_SEARCH_PATHS = (
					"$(inherited)",
					"$(FRAMEWORK_SEARCH_PATHS_QUOTED_FOR_TARGET_1)",
				);
				FRAMEWORK_SEARCH_PATHS_QUOTED_FOR_TARGET_1 = "\"$(SRCROOT)/../../../../of_093/libs/glut/lib/osx\"";
				GCC_GENERATE_DEBUGGING_SYMBOLS = YES;
				GCC_MODEL_TUNING = NONE;
				HEADER_SEARCH_PATHS = (
					"$(OF_CORE_HEADERS)",
					src,
					../../../../of_093/addons/ofxOsc/libs,
					../../../../of_093/addons/ofxOsc/libs/oscpack,
					../../../../of_093/addons/ofxOsc/libs/oscpack/src,
					../../../../of_093/addons/ofxOsc/libs/oscpack/src/ip,
					../../../../of_093/addons/ofxOsc/libs/oscpack/src/ip/posix,
					../../../../of_093/addons/ofxOsc/libs/oscpack/src/ip/win32,
					../../../../of_093/addons/ofxOsc/libs/oscpack/src/osc,
					../../../../of_093/addons/ofxOsc/src,
					../../../../of_093/addons/ofxTouchGUI/src,
				);
				ICON = "$(ICON_NAME_RELEASE)";
				ICON_FILE = "$(ICON_FILE_PATH)$(ICON)";
				INFOPLIST_FILE = "openFrameworks-Info.plist";
				INSTALL_PATH = /Applications;
				LIBRARY_SEARCH_PATHS = "$(inherited)";
				PRODUCT_NAME = "$(TARGET_NAME)";
				WRAPPER_EXTENSION = app;
				baseConfigurationReference = E4EB6923138AFD0F00A09F29;
			};
			name = Release;
		};
/* End XCBuildConfiguration section */

/* Begin XCConfigurationList section */
		E4B69B4D0A3A1720003C02F2 /* Build configuration list for PBXProject "WatercolorTest" */ = {
			isa = XCConfigurationList;
			buildConfigurations = (
				E4B69B4E0A3A1720003C02F2 /* Debug */,
				E4B69B4F0A3A1720003C02F2 /* Release */,
			);
			defaultConfigurationIsVisible = 0;
			defaultConfigurationName = Release;
		};
		E4B69B5F0A3A1757003C02F2 /* Build configuration list for PBXNativeTarget "WatercolorTest" */ = {
			isa = XCConfigurationList;
			buildConfigurations = (
				E4B69B600A3A1757003C02F2 /* Debug */,
				E4B69B610A3A1757003C02F2 /* Release */,
			);
			defaultConfigurationIsVisible = 0;
			defaultConfigurationName = Release;
		};
/* End XCConfigurationList section */
	};
	rootObject = E4B69B4C0A3A1720003C02F2 /* Project object */;
}
